{
  "name": "ex3",
  "version": "1.0.0",
  "lockfileVersion": 1,
  "requires": true,
  "dependencies": {
    "flow-bin": {
      "version": "0.84.0",
      "resolved": "https://registry.npmjs.org/flow-bin/-/flow-bin-0.84.0.tgz",
      "integrity": "sha512-ocji8eEYp+YfICsm+F6cIHUcD7v5sb0/ADEXm6gyUKdjQzmSckMrPUdZtyfP973t3YGHKliUMxMvIBHyR5LbXQ==",
      "dev": true
    }
  }
}
